
Microsoft Visual Studio Solution File, Format Version 12.00
# Visual Studio Version 16
VisualStudioVersion = 16.0.31410.357
MinimumVisualStudioVersion = 10.0.40219.1
Project("{FAE04EC0-301F-11D3-BF4B-00C04F79EFBC}") = "Video_To_Html", "Video_To_Html\Video_To_Html.csproj", "{674D2DAF-143A-458D-B7FA-3741B9EA4910}"
EndProject
Global
	GlobalSection(SolutionConfigurationPlatforms) = preSolution
		Debug|Any CPU = Debug|Any CPU
		Release|Any CPU = Release|Any CPU
	EndGlobalSection
	GlobalSection(ProjectConfigurationPlatforms) = postSolution
		{674D2DAF-143A-458D-B7FA-3741B9EA4910}.Debug|Any CPU.ActiveCfg = Debug|Any CPU
		{674D2DAF-143A-458D-B7FA-3741B9EA4910}.Debug|Any CPU.Build.0 = Debug|Any CPU
		{674D2DAF-143A-458D-B7FA-3741B9EA4910}.Release|Any CPU.ActiveCfg = Release|Any CPU
		{674D2DAF-143A-458D-B7FA-3741B9EA4910}.Release|Any CPU.Build.0 = Release|Any CPU
	EndGlobalSection
	GlobalSection(SolutionProperties) = preSolution
		HideSolutionNode = FALSE
	EndGlobalSection
	GlobalSection(ExtensibilityGlobals) = postSolution
		SolutionGuid = {2D0C20B5-20DD-45D8-83DD-F1E7494FE9F5}
	EndGlobalSection
EndGlobal
